
Microsoft Visual Studio Solution File, Format Version 12.00
# Visual Studio Version 17
VisualStudioVersion = 17.3.32901.215
MinimumVisualStudioVersion = 10.0.40219.1
Project("{FAE04EC0-301F-11D3-BF4B-00C04F79EFBC}") = "CloudFirestore", "CloudFirestore\CloudFirestore.csproj", "{A19361C2-61DA-49F8-95C7-0429F77985FC}"
EndProject
Global
	GlobalSection(SolutionConfigurationPlatforms) = preSolution
		Debug|Any CPU = Debug|Any CPU
		Release|Any CPU = Release|Any CPU
	EndGlobalSection
	GlobalSection(ProjectConfigurationPlatforms) = postSolution
		{A19361C2-61DA-49F8-95C7-0429F77985FC}.Debug|Any CPU.ActiveCfg = Debug|Any CPU
		{A19361C2-61DA-49F8-95C7-0429F77985FC}.Debug|Any CPU.Build.0 = Debug|Any CPU
		{A19361C2-61DA-49F8-95C7-0429F77985FC}.Release|Any CPU.ActiveCfg = Release|Any CPU
		{A19361C2-61DA-49F8-95C7-0429F77985FC}.Release|Any CPU.Build.0 = Release|Any CPU
	EndGlobalSection
	GlobalSection(SolutionProperties) = preSolution
		HideSolutionNode = FALSE
	EndGlobalSection
	GlobalSection(ExtensibilityGlobals) = postSolution
		SolutionGuid = {FB6EDFD3-5058-4A58-A82F-7F3DD71C3B2D}
	EndGlobalSection
EndGlobal
